// !$*UTF8*$!
{
	archiveVersion = 1;
	classes = {
	};
	objectVersion = 56;
	objects = {

/* Begin PBXBuildFile section */
		A55712ED8A71866FA78A152B /* FormulaGruop.swift in Sources */ = {isa = PBXBuildFile; fileRef = A5571887743EFB447242F5BA /* FormulaGruop.swift */; };
		A557171A3BA92CDB5E3AF928 /* FormulaGruop.swift in Sources */ = {isa = PBXBuildFile; fileRef = A5571887743EFB447242F5BA /* FormulaGruop.swift */; };
		BA024CDA2940814100A38B27 /* Algorithms in Frameworks */ = {isa = PBXBuildFile; productRef = BA024CD92940814100A38B27 /* Algorithms */; };
		BA024CDC2940FF4B00A38B27 /* Node+Collection.swift in Sources */ = {isa = PBXBuildFile; fileRef = BA024CDB2940FF4B00A38B27 /* Node+Collection.swift */; };
		BA024CDE2940FF7900A38B27 /* Node+Codable.swift in Sources */ = {isa = PBXBuildFile; fileRef = BA024CDD2940FF7900A38B27 /* Node+Codable.swift */; };
		BA232B6E2938841E00A5B910 /* SymbolicRegressor.swift in Sources */ = {isa = PBXBuildFile; fileRef = BA232B6D2938841E00A5B910 /* SymbolicRegressor.swift */; };
		BA23603E293C731100E9FCD1 /* Nothing.swift in Sources */ = {isa = PBXBuildFile; fileRef = BA23603D293C731100E9FCD1 /* Nothing.swift */; };
		BA236040293C732200E9FCD1 /* Fork.swift in Sources */ = {isa = PBXBuildFile; fileRef = BA23603F293C732200E9FCD1 /* Fork.swift */; };
		BA236042293C733000E9FCD1 /* TournamentSelection.swift in Sources */ = {isa = PBXBuildFile; fileRef = BA236041293C733000E9FCD1 /* TournamentSelection.swift */; };
		BA236044293C733C00E9FCD1 /* PrintBest.swift in Sources */ = {isa = PBXBuildFile; fileRef = BA236043293C733C00E9FCD1 /* PrintBest.swift */; };
		BA236048293C735600E9FCD1 /* SaveProgress.swift in Sources */ = {isa = PBXBuildFile; fileRef = BA236047293C735600E9FCD1 /* SaveProgress.swift */; };
		BA23604A293C736400E9FCD1 /* CustomOperation.swift in Sources */ = {isa = PBXBuildFile; fileRef = BA236049293C736400E9FCD1 /* CustomOperation.swift */; };
		BA23604C293C737900E9FCD1 /* Pick.swift in Sources */ = {isa = PBXBuildFile; fileRef = BA23604B293C737900E9FCD1 /* Pick.swift */; };
		BA23604E293C738900E9FCD1 /* RandomMutation.swift in Sources */ = {isa = PBXBuildFile; fileRef = BA23604D293C738900E9FCD1 /* RandomMutation.swift */; };
		BA236051293C73F200E9FCD1 /* MeanAbsoluteError2d.swift in Sources */ = {isa = PBXBuildFile; fileRef = BA236050293C73F200E9FCD1 /* MeanAbsoluteError2d.swift */; };
		BA236053293C740600E9FCD1 /* MeanPowError2d.swift in Sources */ = {isa = PBXBuildFile; fileRef = BA236052293C740600E9FCD1 /* MeanPowError2d.swift */; };
		BA236055293C741400E9FCD1 /* Accuracy.swift in Sources */ = {isa = PBXBuildFile; fileRef = BA236054293C741400E9FCD1 /* Accuracy.swift */; };
		BA236058293C787200E9FCD1 /* Operator.swift in Sources */ = {isa = PBXBuildFile; fileRef = BA236057293C787200E9FCD1 /* Operator.swift */; };
		BA23605A293C91C900E9FCD1 /* CandidateManager.swift in Sources */ = {isa = PBXBuildFile; fileRef = BA236059293C91C900E9FCD1 /* CandidateManager.swift */; };
		BA261AFF293A369C00E49F72 /* SymbolicRegressorConfiguration.swift in Sources */ = {isa = PBXBuildFile; fileRef = BA261AFE293A369C00E49F72 /* SymbolicRegressorConfiguration.swift */; };
		BA261B01293A3B9300E49F72 /* GeneticOperation.swift in Sources */ = {isa = PBXBuildFile; fileRef = BA261B00293A3B9300E49F72 /* GeneticOperation.swift */; };
		BA572742294EDC6A00BE4556 /* Numerics in Frameworks */ = {isa = PBXBuildFile; productRef = BA572741294EDC6A00BE4556 /* Numerics */; };
		BA572744294EDC6A00BE4556 /* RealModule in Frameworks */ = {isa = PBXBuildFile; productRef = BA572743294EDC6A00BE4556 /* RealModule */; };
		BA572746294F02F500BE4556 /* Recursion.swift in Sources */ = {isa = PBXBuildFile; fileRef = BA572745294F02F500BE4556 /* Recursion.swift */; };
		BA86A5092949EFFC0010D8C1 /* TeacherData.swift in Sources */ = {isa = PBXBuildFile; fileRef = BA86A5082949EFFC0010D8C1 /* TeacherData.swift */; };
		BAA31C8A2943317E00ADEF22 /* Algorithms in Frameworks */ = {isa = PBXBuildFile; productRef = BAA31C892943317E00ADEF22 /* Algorithms */; };
		BAA31C8D2943320100ADEF22 /* NodeTests.swift in Sources */ = {isa = PBXBuildFile; fileRef = BAA31C7B294330E100ADEF22 /* NodeTests.swift */; };
		BAA31C8F2943400E00ADEF22 /* Node.swift in Sources */ = {isa = PBXBuildFile; fileRef = D0BCBFC5291C070300755BD1 /* Node.swift */; };
		BAA31C902943400E00ADEF22 /* Operator.swift in Sources */ = {isa = PBXBuildFile; fileRef = BA236057293C787200E9FCD1 /* Operator.swift */; };
		BAA31C912943400E00ADEF22 /* Node+Codable.swift in Sources */ = {isa = PBXBuildFile; fileRef = BA024CDD2940FF7900A38B27 /* Node+Codable.swift */; };
		BAA31C922943400E00ADEF22 /* Individual.swift in Sources */ = {isa = PBXBuildFile; fileRef = D0BCBFC7291C090500755BD1 /* Individual.swift */; };
		BAA31C932943400E00ADEF22 /* Parameter.swift in Sources */ = {isa = PBXBuildFile; fileRef = D0BCBFC9291D24F600755BD1 /* Parameter.swift */; };
		BAA31C942943400E00ADEF22 /* FunctionGenerator.swift in Sources */ = {isa = PBXBuildFile; fileRef = BAF27485293B03000056C705 /* FunctionGenerator.swift */; };
		BAA31C952943400E00ADEF22 /* Node+Collection.swift in Sources */ = {isa = PBXBuildFile; fileRef = BA024CDB2940FF4B00A38B27 /* Node+Collection.swift */; };
		BAA31C962943401100ADEF22 /* Fitness.swift in Sources */ = {isa = PBXBuildFile; fileRef = D0BCBFC3291C06C100755BD1 /* Fitness.swift */; };
		BAA31C972943401400ADEF22 /* MeanAbsoluteError2d.swift in Sources */ = {isa = PBXBuildFile; fileRef = BA236050293C73F200E9FCD1 /* MeanAbsoluteError2d.swift */; };
		BAA31C982943401400ADEF22 /* MeanPowError2d.swift in Sources */ = {isa = PBXBuildFile; fileRef = BA236052293C740600E9FCD1 /* MeanPowError2d.swift */; };
		BAA31C992943401400ADEF22 /* Accuracy.swift in Sources */ = {isa = PBXBuildFile; fileRef = BA236054293C741400E9FCD1 /* Accuracy.swift */; };
		BAC2EB5E293CEB5100A2C72D /* Crossover.swift in Sources */ = {isa = PBXBuildFile; fileRef = BAC2EB5D293CEB5100A2C72D /* Crossover.swift */; };
		BAF27486293B03000056C705 /* FunctionGenerator.swift in Sources */ = {isa = PBXBuildFile; fileRef = BAF27485293B03000056C705 /* FunctionGenerator.swift */; };
		D02047EF291BECE800AEB158 /* main.swift in Sources */ = {isa = PBXBuildFile; fileRef = D02047EE291BECE800AEB158 /* main.swift */; };
		D0BCBFC4291C06C100755BD1 /* Fitness.swift in Sources */ = {isa = PBXBuildFile; fileRef = D0BCBFC3291C06C100755BD1 /* Fitness.swift */; };
		D0BCBFC6291C070300755BD1 /* Node.swift in Sources */ = {isa = PBXBuildFile; fileRef = D0BCBFC5291C070300755BD1 /* Node.swift */; };
		D0BCBFC8291C090500755BD1 /* Individual.swift in Sources */ = {isa = PBXBuildFile; fileRef = D0BCBFC7291C090500755BD1 /* Individual.swift */; };
		D0BCBFCA291D24F600755BD1 /* Parameter.swift in Sources */ = {isa = PBXBuildFile; fileRef = D0BCBFC9291D24F600755BD1 /* Parameter.swift */; };
/* End PBXBuildFile section */

/* Begin PBXContainerItemProxy section */
		BAA31C8B2943318600ADEF22 /* PBXContainerItemProxy */ = {
			isa = PBXContainerItemProxy;
			containerPortal = D02047E3291BECE800AEB158 /* Project object */;
			proxyType = 1;
			remoteGlobalIDString = D02047EA291BECE800AEB158;
			remoteInfo = gp4cg;
		};
/* End PBXContainerItemProxy section */

/* Begin PBXCopyFilesBuildPhase section */
		D02047E9291BECE800AEB158 /* CopyFiles */ = {
			isa = PBXCopyFilesBuildPhase;
			buildActionMask = 2147483647;
			dstPath = /usr/share/man/man1/;
			dstSubfolderSpec = 0;
			files = (
			);
			runOnlyForDeploymentPostprocessing = 1;
		};
/* End PBXCopyFilesBuildPhase section */

/* Begin PBXFileReference section */
		A5571887743EFB447242F5BA /* FormulaGruop.swift */ = {isa = PBXFileReference; fileEncoding = 4; lastKnownFileType = sourcecode.swift; path = FormulaGruop.swift; sourceTree = "<group>"; };
		BA024CDB2940FF4B00A38B27 /* Node+Collection.swift */ = {isa = PBXFileReference; lastKnownFileType = sourcecode.swift; path = "Node+Collection.swift"; sourceTree = "<group>"; };
		BA024CDD2940FF7900A38B27 /* Node+Codable.swift */ = {isa = PBXFileReference; lastKnownFileType = sourcecode.swift; path = "Node+Codable.swift"; sourceTree = "<group>"; };
		BA232B6D2938841E00A5B910 /* SymbolicRegressor.swift */ = {isa = PBXFileReference; lastKnownFileType = sourcecode.swift; path = SymbolicRegressor.swift; sourceTree = "<group>"; };
		BA23603D293C731100E9FCD1 /* Nothing.swift */ = {isa = PBXFileReference; lastKnownFileType = sourcecode.swift; path = Nothing.swift; sourceTree = "<group>"; };
		BA23603F293C732200E9FCD1 /* Fork.swift */ = {isa = PBXFileReference; lastKnownFileType = sourcecode.swift; path = Fork.swift; sourceTree = "<group>"; };
		BA236041293C733000E9FCD1 /* TournamentSelection.swift */ = {isa = PBXFileReference; lastKnownFileType = sourcecode.swift; path = TournamentSelection.swift; sourceTree = "<group>"; };
		BA236043293C733C00E9FCD1 /* PrintBest.swift */ = {isa = PBXFileReference; lastKnownFileType = sourcecode.swift; path = PrintBest.swift; sourceTree = "<group>"; };
		BA236047293C735600E9FCD1 /* SaveProgress.swift */ = {isa = PBXFileReference; lastKnownFileType = sourcecode.swift; path = SaveProgress.swift; sourceTree = "<group>"; };
		BA236049293C736400E9FCD1 /* CustomOperation.swift */ = {isa = PBXFileReference; lastKnownFileType = sourcecode.swift; path = CustomOperation.swift; sourceTree = "<group>"; };
		BA23604B293C737900E9FCD1 /* Pick.swift */ = {isa = PBXFileReference; lastKnownFileType = sourcecode.swift; path = Pick.swift; sourceTree = "<group>"; };
		BA23604D293C738900E9FCD1 /* RandomMutation.swift */ = {isa = PBXFileReference; lastKnownFileType = sourcecode.swift; path = RandomMutation.swift; sourceTree = "<group>"; };
		BA236050293C73F200E9FCD1 /* MeanAbsoluteError2d.swift */ = {isa = PBXFileReference; lastKnownFileType = sourcecode.swift; path = MeanAbsoluteError2d.swift; sourceTree = "<group>"; };
		BA236052293C740600E9FCD1 /* MeanPowError2d.swift */ = {isa = PBXFileReference; lastKnownFileType = sourcecode.swift; path = MeanPowError2d.swift; sourceTree = "<group>"; };
		BA236054293C741400E9FCD1 /* Accuracy.swift */ = {isa = PBXFileReference; lastKnownFileType = sourcecode.swift; path = Accuracy.swift; sourceTree = "<group>"; };
		BA236057293C787200E9FCD1 /* Operator.swift */ = {isa = PBXFileReference; lastKnownFileType = sourcecode.swift; path = Operator.swift; sourceTree = "<group>"; };
		BA236059293C91C900E9FCD1 /* CandidateManager.swift */ = {isa = PBXFileReference; lastKnownFileType = sourcecode.swift; path = CandidateManager.swift; sourceTree = "<group>"; };
		BA261AFE293A369C00E49F72 /* SymbolicRegressorConfiguration.swift */ = {isa = PBXFileReference; lastKnownFileType = sourcecode.swift; path = SymbolicRegressorConfiguration.swift; sourceTree = "<group>"; };
		BA261B00293A3B9300E49F72 /* GeneticOperation.swift */ = {isa = PBXFileReference; lastKnownFileType = sourcecode.swift; path = GeneticOperation.swift; sourceTree = "<group>"; };
		BA572745294F02F500BE4556 /* Recursion.swift */ = {isa = PBXFileReference; lastKnownFileType = sourcecode.swift; path = Recursion.swift; sourceTree = "<group>"; };
		BA86A5082949EFFC0010D8C1 /* TeacherData.swift */ = {isa = PBXFileReference; lastKnownFileType = sourcecode.swift; path = TeacherData.swift; sourceTree = "<group>"; };
		BAA31C79294330E100ADEF22 /* gp4cgTests.xctest */ = {isa = PBXFileReference; explicitFileType = wrapper.cfbundle; includeInIndex = 0; path = gp4cgTests.xctest; sourceTree = BUILT_PRODUCTS_DIR; };
		BAA31C7B294330E100ADEF22 /* NodeTests.swift */ = {isa = PBXFileReference; lastKnownFileType = sourcecode.swift; path = NodeTests.swift; sourceTree = "<group>"; };
		BAC2EB5D293CEB5100A2C72D /* Crossover.swift */ = {isa = PBXFileReference; lastKnownFileType = sourcecode.swift; path = Crossover.swift; sourceTree = "<group>"; };
		BAF27485293B03000056C705 /* FunctionGenerator.swift */ = {isa = PBXFileReference; lastKnownFileType = sourcecode.swift; path = FunctionGenerator.swift; sourceTree = "<group>"; };
		D02047EB291BECE800AEB158 /* gp4cg */ = {isa = PBXFileReference; explicitFileType = "compiled.mach-o.executable"; includeInIndex = 0; path = gp4cg; sourceTree = BUILT_PRODUCTS_DIR; };
		D02047EE291BECE800AEB158 /* main.swift */ = {isa = PBXFileReference; lastKnownFileType = sourcecode.swift; path = main.swift; sourceTree = "<group>"; };
		D0BCBFC3291C06C100755BD1 /* Fitness.swift */ = {isa = PBXFileReference; lastKnownFileType = sourcecode.swift; path = Fitness.swift; sourceTree = "<group>"; };
		D0BCBFC5291C070300755BD1 /* Node.swift */ = {isa = PBXFileReference; lastKnownFileType = sourcecode.swift; path = Node.swift; sourceTree = "<group>"; };
		D0BCBFC7291C090500755BD1 /* Individual.swift */ = {isa = PBXFileReference; lastKnownFileType = sourcecode.swift; path = Individual.swift; sourceTree = "<group>"; };
		D0BCBFC9291D24F600755BD1 /* Parameter.swift */ = {isa = PBXFileReference; lastKnownFileType = sourcecode.swift; path = Parameter.swift; sourceTree = "<group>"; };
/* End PBXFileReference section */

/* Begin PBXFrameworksBuildPhase section */
		BAA31C76294330E100ADEF22 /* Frameworks */ = {
			isa = PBXFrameworksBuildPhase;
			buildActionMask = 2147483647;
			files = (
				BAA31C8A2943317E00ADEF22 /* Algorithms in Frameworks */,
			);
			runOnlyForDeploymentPostprocessing = 0;
		};
		D02047E8291BECE800AEB158 /* Frameworks */ = {
			isa = PBXFrameworksBuildPhase;
			buildActionMask = 2147483647;
			files = (
				BA572742294EDC6A00BE4556 /* Numerics in Frameworks */,
				BA024CDA2940814100A38B27 /* Algorithms in Frameworks */,
				BA572744294EDC6A00BE4556 /* RealModule in Frameworks */,
			);
			runOnlyForDeploymentPostprocessing = 0;
		};
/* End PBXFrameworksBuildPhase section */

/* Begin PBXGroup section */
		BA23603C293C72FC00E9FCD1 /* GeneticOperation */ = {
			isa = PBXGroup;
			children = (
				BA261B00293A3B9300E49F72 /* GeneticOperation.swift */,
				BA23603D293C731100E9FCD1 /* Nothing.swift */,
				BA23603F293C732200E9FCD1 /* Fork.swift */,
				BA236041293C733000E9FCD1 /* TournamentSelection.swift */,
				BA236043293C733C00E9FCD1 /* PrintBest.swift */,
				BA236047293C735600E9FCD1 /* SaveProgress.swift */,
				BA236049293C736400E9FCD1 /* CustomOperation.swift */,
				BA23604B293C737900E9FCD1 /* Pick.swift */,
				BA23604D293C738900E9FCD1 /* RandomMutation.swift */,
				BAC2EB5D293CEB5100A2C72D /* Crossover.swift */,
			);
			path = GeneticOperation;
			sourceTree = "<group>";
		};
		BA23604F293C73DD00E9FCD1 /* Fitness */ = {
			isa = PBXGroup;
			children = (
				D0BCBFC3291C06C100755BD1 /* Fitness.swift */,
				BA236050293C73F200E9FCD1 /* MeanAbsoluteError2d.swift */,
				BA236052293C740600E9FCD1 /* MeanPowError2d.swift */,
				BA236054293C741400E9FCD1 /* Accuracy.swift */,
			);
			path = Fitness;
			sourceTree = "<group>";
		};
		BA236056293C77D900E9FCD1 /* FormulaTree */ = {
			isa = PBXGroup;
			children = (
				D0BCBFC7291C090500755BD1 /* Individual.swift */,
				D0BCBFC5291C070300755BD1 /* Node.swift */,
				BA024CDB2940FF4B00A38B27 /* Node+Collection.swift */,
				BA024CDD2940FF7900A38B27 /* Node+Codable.swift */,
				D0BCBFC9291D24F600755BD1 /* Parameter.swift */,
				BAF27485293B03000056C705 /* FunctionGenerator.swift */,
				BA236057293C787200E9FCD1 /* Operator.swift */,
				BA572745294F02F500BE4556 /* Recursion.swift */,
				A5571887743EFB447242F5BA /* FormulaGruop.swift */,
			);
			path = FormulaTree;
			sourceTree = "<group>";
		};
		BAA31C7A294330E100ADEF22 /* gp4cgTests */ = {
			isa = PBXGroup;
			children = (
				BAA31C7B294330E100ADEF22 /* NodeTests.swift */,
			);
			path = gp4cgTests;
			sourceTree = "<group>";
		};
		BAA31C882943317E00ADEF22 /* Frameworks */ = {
			isa = PBXGroup;
			children = (
			);
			name = Frameworks;
			sourceTree = "<group>";
		};
		D02047E2291BECE800AEB158 = {
			isa = PBXGroup;
			children = (
				D02047ED291BECE800AEB158 /* gp4cg */,
				BAA31C7A294330E100ADEF22 /* gp4cgTests */,
				D02047EC291BECE800AEB158 /* Products */,
				BAA31C882943317E00ADEF22 /* Frameworks */,
			);
			sourceTree = "<group>";
		};
		D02047EC291BECE800AEB158 /* Products */ = {
			isa = PBXGroup;
			children = (
				D02047EB291BECE800AEB158 /* gp4cg */,
				BAA31C79294330E100ADEF22 /* gp4cgTests.xctest */,
			);
			name = Products;
			sourceTree = "<group>";
		};
		D02047ED291BECE800AEB158 /* gp4cg */ = {
			isa = PBXGroup;
			children = (
				D0CB59BA29758C570040605A /* .docc */,
				BA236056293C77D900E9FCD1 /* FormulaTree */,
				BA23604F293C73DD00E9FCD1 /* Fitness */,
				BA23603C293C72FC00E9FCD1 /* GeneticOperation */,
				D02047EE291BECE800AEB158 /* main.swift */,
				BA232B6D2938841E00A5B910 /* SymbolicRegressor.swift */,
				BA261AFE293A369C00E49F72 /* SymbolicRegressorConfiguration.swift */,
				BA236059293C91C900E9FCD1 /* CandidateManager.swift */,
				BA86A5082949EFFC0010D8C1 /* TeacherData.swift */,
			);
			path = gp4cg;
			sourceTree = "<group>";
		};
		D0CB59BA29758C570040605A /* .docc */ = {
			isa = PBXGroup;
			children = (
			);
			path = .docc;
			sourceTree = "<group>";
		};
/* End PBXGroup section */

/* Begin PBXNativeTarget section */
		BAA31C78294330E100ADEF22 /* gp4cgTests */ = {
			isa = PBXNativeTarget;
			buildConfigurationList = BAA31C7D294330E100ADEF22 /* Build configuration list for PBXNativeTarget "gp4cgTests" */;
			buildPhases = (
				BAA31C75294330E100ADEF22 /* Sources */,
				BAA31C76294330E100ADEF22 /* Frameworks */,
				BAA31C77294330E100ADEF22 /* Resources */,
			);
			buildRules = (
			);
			dependencies = (
				BAA31C8C2943318600ADEF22 /* PBXTargetDependency */,
			);
			name = gp4cgTests;
			packageProductDependencies = (
				BAA31C892943317E00ADEF22 /* Algorithms */,
			);
			productName = gp4cgTests;
			productReference = BAA31C79294330E100ADEF22 /* gp4cgTests.xctest */;
			productType = "com.apple.product-type.bundle.unit-test";
		};
		D02047EA291BECE800AEB158 /* gp4cg */ = {
			isa = PBXNativeTarget;
			buildConfigurationList = D02047F2291BECE800AEB158 /* Build configuration list for PBXNativeTarget "gp4cg" */;
			buildPhases = (
				D02047E7291BECE800AEB158 /* Sources */,
				D02047E8291BECE800AEB158 /* Frameworks */,
				D02047E9291BECE800AEB158 /* CopyFiles */,
			);
			buildRules = (
			);
			dependencies = (
			);
			name = gp4cg;
			packageProductDependencies = (
				BA024CD92940814100A38B27 /* Algorithms */,
				BA572741294EDC6A00BE4556 /* Numerics */,
				BA572743294EDC6A00BE4556 /* RealModule */,
			);
			productName = "genetic-programming";
			productReference = D02047EB291BECE800AEB158 /* gp4cg */;
			productType = "com.apple.product-type.tool";
		};
/* End PBXNativeTarget section */

/* Begin PBXProject section */
		D02047E3291BECE800AEB158 /* Project object */ = {
			isa = PBXProject;
			attributes = {
				BuildIndependentTargetsInParallel = 1;
				LastSwiftUpdateCheck = 1410;
				LastUpgradeCheck = 1410;
				TargetAttributes = {
					BAA31C78294330E100ADEF22 = {
						CreatedOnToolsVersion = 14.1;
					};
					D02047EA291BECE800AEB158 = {
						CreatedOnToolsVersion = 14.1;
					};
				};
			};
			buildConfigurationList = D02047E6291BECE800AEB158 /* Build configuration list for PBXProject "gp4cg" */;
			compatibilityVersion = "Xcode 14.0";
			developmentRegion = en;
			hasScannedForEncodings = 0;
			knownRegions = (
				en,
				Base,
			);
			mainGroup = D02047E2291BECE800AEB158;
			packageReferences = (
				BA024CD82940814100A38B27 /* XCRemoteSwiftPackageReference "swift-algorithms" */,
				BA572740294EDC6A00BE4556 /* XCRemoteSwiftPackageReference "swift-numerics" */,
			);
			productRefGroup = D02047EC291BECE800AEB158 /* Products */;
			projectDirPath = "";
			projectRoot = "";
			targets = (
				D02047EA291BECE800AEB158 /* gp4cg */,
				BAA31C78294330E100ADEF22 /* gp4cgTests */,
			);
		};
/* End PBXProject section */

/* Begin PBXResourcesBuildPhase section */
		BAA31C77294330E100ADEF22 /* Resources */ = {
			isa = PBXResourcesBuildPhase;
			buildActionMask = 2147483647;
			files = (
			);
			runOnlyForDeploymentPostprocessing = 0;
		};
/* End PBXResourcesBuildPhase section */

/* Begin PBXSourcesBuildPhase section */
		BAA31C75294330E100ADEF22 /* Sources */ = {
			isa = PBXSourcesBuildPhase;
			buildActionMask = 2147483647;
			files = (
				BAA31C972943401400ADEF22 /* MeanAbsoluteError2d.swift in Sources */,
				BAA31C982943401400ADEF22 /* MeanPowError2d.swift in Sources */,
				BAA31C912943400E00ADEF22 /* Node+Codable.swift in Sources */,
				BAA31C942943400E00ADEF22 /* FunctionGenerator.swift in Sources */,
				BAA31C992943401400ADEF22 /* Accuracy.swift in Sources */,
				BAA31C8D2943320100ADEF22 /* NodeTests.swift in Sources */,
				BAA31C902943400E00ADEF22 /* Operator.swift in Sources */,
				BAA31C932943400E00ADEF22 /* Parameter.swift in Sources */,
				BAA31C952943400E00ADEF22 /* Node+Collection.swift in Sources */,
				BAA31C962943401100ADEF22 /* Fitness.swift in Sources */,
				BAA31C8F2943400E00ADEF22 /* Node.swift in Sources */,
				BAA31C922943400E00ADEF22 /* Individual.swift in Sources */,
				A557171A3BA92CDB5E3AF928 /* FormulaGruop.swift in Sources */,
			);
			runOnlyForDeploymentPostprocessing = 0;
		};
		D02047E7291BECE800AEB158 /* Sources */ = {
			isa = PBXSourcesBuildPhase;
			buildActionMask = 2147483647;
			files = (
				BA236058293C787200E9FCD1 /* Operator.swift in Sources */,
				BA236051293C73F200E9FCD1 /* MeanAbsoluteError2d.swift in Sources */,
				D0BCBFC8291C090500755BD1 /* Individual.swift in Sources */,
				BA236048293C735600E9FCD1 /* SaveProgress.swift in Sources */,
				BA024CDE2940FF7900A38B27 /* Node+Codable.swift in Sources */,
				D0BCBFCA291D24F600755BD1 /* Parameter.swift in Sources */,
				BA236042293C733000E9FCD1 /* TournamentSelection.swift in Sources */,
				BA236044293C733C00E9FCD1 /* PrintBest.swift in Sources */,
				BA86A5092949EFFC0010D8C1 /* TeacherData.swift in Sources */,
				BA23604C293C737900E9FCD1 /* Pick.swift in Sources */,
				BAC2EB5E293CEB5100A2C72D /* Crossover.swift in Sources */,
				BA261AFF293A369C00E49F72 /* SymbolicRegressorConfiguration.swift in Sources */,
				BA23604E293C738900E9FCD1 /* RandomMutation.swift in Sources */,
				BA261B01293A3B9300E49F72 /* GeneticOperation.swift in Sources */,
				BA236053293C740600E9FCD1 /* MeanPowError2d.swift in Sources */,
				D02047EF291BECE800AEB158 /* main.swift in Sources */,
				BA23603E293C731100E9FCD1 /* Nothing.swift in Sources */,
				BA232B6E2938841E00A5B910 /* SymbolicRegressor.swift in Sources */,
				BAF27486293B03000056C705 /* FunctionGenerator.swift in Sources */,
				BA23605A293C91C900E9FCD1 /* CandidateManager.swift in Sources */,
				BA236055293C741400E9FCD1 /* Accuracy.swift in Sources */,
				BA572746294F02F500BE4556 /* Recursion.swift in Sources */,
				D0BCBFC4291C06C100755BD1 /* Fitness.swift in Sources */,
				D0BCBFC6291C070300755BD1 /* Node.swift in Sources */,
				BA024CDC2940FF4B00A38B27 /* Node+Collection.swift in Sources */,
				BA236040293C732200E9FCD1 /* Fork.swift in Sources */,
				BA23604A293C736400E9FCD1 /* CustomOperation.swift in Sources */,
				A55712ED8A71866FA78A152B /* FormulaGruop.swift in Sources */,
			);
			runOnlyForDeploymentPostprocessing = 0;
		};
/* End PBXSourcesBuildPhase section */

/* Begin PBXTargetDependency section */
		BAA31C8C2943318600ADEF22 /* PBXTargetDependency */ = {
			isa = PBXTargetDependency;
			target = D02047EA291BECE800AEB158 /* gp4cg */;
			targetProxy = BAA31C8B2943318600ADEF22 /* PBXContainerItemProxy */;
		};
/* End PBXTargetDependency section */

/* Begin XCBuildConfiguration section */
		BAA31C7E294330E100ADEF22 /* Debug */ = {
			isa = XCBuildConfiguration;
			buildSettings = {
				CODE_SIGN_STYLE = Automatic;
				CURRENT_PROJECT_VERSION = 1;
				DEVELOPMENT_TEAM = WSAUVM3XKG;
				GENERATE_INFOPLIST_FILE = YES;
				IPHONEOS_DEPLOYMENT_TARGET = 16.1;
				MACOSX_DEPLOYMENT_TARGET = 13.0;
				MARKETING_VERSION = 1.0;
				PRODUCT_BUNDLE_IDENTIFIER = dev.sasaki.gp4cgTests;
				PRODUCT_NAME = "$(TARGET_NAME)";
				SDKROOT = auto;
				SUPPORTED_PLATFORMS = "iphoneos iphonesimulator macosx";
				SWIFT_EMIT_LOC_STRINGS = NO;
				SWIFT_VERSION = 5.0;
				TARGETED_DEVICE_FAMILY = "1,2";
			};
			name = Debug;
		};
		BAA31C7F294330E100ADEF22 /* Release */ = {
			isa = XCBuildConfiguration;
			buildSettings = {
				CODE_SIGN_STYLE = Automatic;
				CURRENT_PROJECT_VERSION = 1;
				DEVELOPMENT_TEAM = WSAUVM3XKG;
				GENERATE_INFOPLIST_FILE = YES;
				IPHONEOS_DEPLOYMENT_TARGET = 16.1;
				MACOSX_DEPLOYMENT_TARGET = 13.0;
				MARKETING_VERSION = 1.0;
				PRODUCT_BUNDLE_IDENTIFIER = dev.sasaki.gp4cgTests;
				PRODUCT_NAME = "$(TARGET_NAME)";
				SDKROOT = auto;
				SUPPORTED_PLATFORMS = "iphoneos iphonesimulator macosx";
				SWIFT_EMIT_LOC_STRINGS = NO;
				SWIFT_VERSION = 5.0;
				TARGETED_DEVICE_FAMILY = "1,2";
			};
			name = Release;
		};
		D02047F0291BECE800AEB158 /* Debug */ = {
			isa = XCBuildConfiguration;
			buildSettings = {
				ALWAYS_SEARCH_USER_PATHS = NO;
				CLANG_ANALYZER_NONNULL = YES;
				CLANG_ANALYZER_NUMBER_OBJECT_CONVERSION = YES_AGGRESSIVE;
				CLANG_CXX_LANGUAGE_STANDARD = "gnu++20";
				CLANG_ENABLE_MODULES = YES;
				CLANG_ENABLE_OBJC_ARC = YES;
				CLANG_ENABLE_OBJC_WEAK = YES;
				CLANG_WARN_BLOCK_CAPTURE_AUTORELEASING = YES;
				CLANG_WARN_BOOL_CONVERSION = YES;
				CLANG_WARN_COMMA = YES;
				CLANG_WARN_CONSTANT_CONVERSION = YES;
				CLANG_WARN_DEPRECATED_OBJC_IMPLEMENTATIONS = YES;
				CLANG_WARN_DIRECT_OBJC_ISA_USAGE = YES_ERROR;
				CLANG_WARN_DOCUMENTATION_COMMENTS = YES;
				CLANG_WARN_EMPTY_BODY = YES;
				CLANG_WARN_ENUM_CONVERSION = YES;
				CLANG_WARN_INFINITE_RECURSION = YES;
				CLANG_WARN_INT_CONVERSION = YES;
				CLANG_WARN_NON_LITERAL_NULL_CONVERSION = YES;
				CLANG_WARN_OBJC_IMPLICIT_RETAIN_SELF = YES;
				CLANG_WARN_OBJC_LITERAL_CONVERSION = YES;
				CLANG_WARN_OBJC_ROOT_CLASS = YES_ERROR;
				CLANG_WARN_QUOTED_INCLUDE_IN_FRAMEWORK_HEADER = YES;
				CLANG_WARN_RANGE_LOOP_ANALYSIS = YES;
				CLANG_WARN_STRICT_PROTOTYPES = YES;
				CLANG_WARN_SUSPICIOUS_MOVE = YES;
				CLANG_WARN_UNGUARDED_AVAILABILITY = YES_AGGRESSIVE;
				CLANG_WARN_UNREACHABLE_CODE = YES;
				CLANG_WARN__DUPLICATE_METHOD_MATCH = YES;
				COPY_PHASE_STRIP = NO;
				DEBUG_INFORMATION_FORMAT = dwarf;
				ENABLE_STRICT_OBJC_MSGSEND = YES;
				ENABLE_TESTABILITY = YES;
				GCC_C_LANGUAGE_STANDARD = gnu11;
				GCC_DYNAMIC_NO_PIC = NO;
				GCC_NO_COMMON_BLOCKS = YES;
				GCC_OPTIMIZATION_LEVEL = 0;
				GCC_PREPROCESSOR_DEFINITIONS = (
					"DEBUG=1",
					"$(inherited)",
				);
				GCC_WARN_64_TO_32_BIT_CONVERSION = YES;
				GCC_WARN_ABOUT_RETURN_TYPE = YES_ERROR;
				GCC_WARN_UNDECLARED_SELECTOR = YES;
				GCC_WARN_UNINITIALIZED_AUTOS = YES_AGGRESSIVE;
				GCC_WARN_UNUSED_FUNCTION = YES;
				GCC_WARN_UNUSED_VARIABLE = YES;
				MACOSX_DEPLOYMENT_TARGET = 13.0;
				MTL_ENABLE_DEBUG_INFO = INCLUDE_SOURCE;
				MTL_FAST_MATH = YES;
				ONLY_ACTIVE_ARCH = YES;
				SDKROOT = macosx;
				SWIFT_ACTIVE_COMPILATION_CONDITIONS = DEBUG;
				SWIFT_OPTIMIZATION_LEVEL = "-Onone";
			};
			name = Debug;
		};
		D02047F1291BECE800AEB158 /* Release */ = {
			isa = XCBuildConfiguration;
			buildSettings = {
				ALWAYS_SEARCH_USER_PATHS = NO;
				CLANG_ANALYZER_NONNULL = YES;
				CLANG_ANALYZER_NUMBER_OBJECT_CONVERSION = YES_AGGRESSIVE;
				CLANG_CXX_LANGUAGE_STANDARD = "gnu++20";
				CLANG_ENABLE_MODULES = YES;
				CLANG_ENABLE_OBJC_ARC = YES;
				CLANG_ENABLE_OBJC_WEAK = YES;
				CLANG_WARN_BLOCK_CAPTURE_AUTORELEASING = YES;
				CLANG_WARN_BOOL_CONVERSION = YES;
				CLANG_WARN_COMMA = YES;
				CLANG_WARN_CONSTANT_CONVERSION = YES;
				CLANG_WARN_DEPRECATED_OBJC_IMPLEMENTATIONS = YES;
				CLANG_WARN_DIRECT_OBJC_ISA_USAGE = YES_ERROR;
				CLANG_WARN_DOCUMENTATION_COMMENTS = YES;
				CLANG_WARN_EMPTY_BODY = YES;
				CLANG_WARN_ENUM_CONVERSION = YES;
				CLANG_WARN_INFINITE_RECURSION = YES;
				CLANG_WARN_INT_CONVERSION = YES;
				CLANG_WARN_NON_LITERAL_NULL_CONVERSION = YES;
				CLANG_WARN_OBJC_IMPLICIT_RETAIN_SELF = YES;
				CLANG_WARN_OBJC_LITERAL_CONVERSION = YES;
				CLANG_WARN_OBJC_ROOT_CLASS = YES_ERROR;
				CLANG_WARN_QUOTED_INCLUDE_IN_FRAMEWORK_HEADER = YES;
				CLANG_WARN_RANGE_LOOP_ANALYSIS = YES;
				CLANG_WARN_STRICT_PROTOTYPES = YES;
				CLANG_WARN_SUSPICIOUS_MOVE = YES;
				CLANG_WARN_UNGUARDED_AVAILABILITY = YES_AGGRESSIVE;
				CLANG_WARN_UNREACHABLE_CODE = YES;
				CLANG_WARN__DUPLICATE_METHOD_MATCH = YES;
				COPY_PHASE_STRIP = NO;
				DEBUG_INFORMATION_FORMAT = "dwarf-with-dsym";
				ENABLE_NS_ASSERTIONS = NO;
				ENABLE_STRICT_OBJC_MSGSEND = YES;
				GCC_C_LANGUAGE_STANDARD = gnu11;
				GCC_NO_COMMON_BLOCKS = YES;
				GCC_WARN_64_TO_32_BIT_CONVERSION = YES;
				GCC_WARN_ABOUT_RETURN_TYPE = YES_ERROR;
				GCC_WARN_UNDECLARED_SELECTOR = YES;
				GCC_WARN_UNINITIALIZED_AUTOS = YES_AGGRESSIVE;
				GCC_WARN_UNUSED_FUNCTION = YES;
				GCC_WARN_UNUSED_VARIABLE = YES;
				MACOSX_DEPLOYMENT_TARGET = 13.0;
				MTL_ENABLE_DEBUG_INFO = NO;
				MTL_FAST_MATH = YES;
				SDKROOT = macosx;
				SWIFT_COMPILATION_MODE = wholemodule;
				SWIFT_OPTIMIZATION_LEVEL = "-O";
			};
			name = Release;
		};
		D02047F3291BECE800AEB158 /* Debug */ = {
			isa = XCBuildConfiguration;
			buildSettings = {
				CODE_SIGN_STYLE = Automatic;
				DEVELOPMENT_TEAM = 844M648H99;
				ENABLE_HARDENED_RUNTIME = YES;
				PRODUCT_NAME = "$(TARGET_NAME)";
				SWIFT_VERSION = 5.0;
			};
			name = Debug;
		};
		D02047F4291BECE800AEB158 /* Release */ = {
			isa = XCBuildConfiguration;
			buildSettings = {
				CODE_SIGN_STYLE = Automatic;
				DEVELOPMENT_TEAM = 844M648H99;
				ENABLE_HARDENED_RUNTIME = YES;
				PRODUCT_NAME = "$(TARGET_NAME)";
				SWIFT_VERSION = 5.0;
			};
			name = Release;
		};
/* End XCBuildConfiguration section */

/* Begin XCConfigurationList section */
		BAA31C7D294330E100ADEF22 /* Build configuration list for PBXNativeTarget "gp4cgTests" */ = {
			isa = XCConfigurationList;
			buildConfigurations = (
				BAA31C7E294330E100ADEF22 /* Debug */,
				BAA31C7F294330E100ADEF22 /* Release */,
			);
			defaultConfigurationIsVisible = 0;
			defaultConfigurationName = Release;
		};
		D02047E6291BECE800AEB158 /* Build configuration list for PBXProject "gp4cg" */ = {
			isa = XCConfigurationList;
			buildConfigurations = (
				D02047F0291BECE800AEB158 /* Debug */,
				D02047F1291BECE800AEB158 /* Release */,
			);
			defaultConfigurationIsVisible = 0;
			defaultConfigurationName = Release;
		};
		D02047F2291BECE800AEB158 /* Build configuration list for PBXNativeTarget "gp4cg" */ = {
			isa = XCConfigurationList;
			buildConfigurations = (
				D02047F3291BECE800AEB158 /* Debug */,
				D02047F4291BECE800AEB158 /* Release */,
			);
			defaultConfigurationIsVisible = 0;
			defaultConfigurationName = Release;
		};
/* End XCConfigurationList section */

/* Begin XCRemoteSwiftPackageReference section */
		BA024CD82940814100A38B27 /* XCRemoteSwiftPackageReference "swift-algorithms" */ = {
			isa = XCRemoteSwiftPackageReference;
			repositoryURL = "https://github.com/apple/swift-algorithms.git";
			requirement = {
				kind = upToNextMajorVersion;
				minimumVersion = 1.0.0;
			};
		};
		BA572740294EDC6A00BE4556 /* XCRemoteSwiftPackageReference "swift-numerics" */ = {
			isa = XCRemoteSwiftPackageReference;
			repositoryURL = "https://github.com/apple/swift-numerics";
			requirement = {
				kind = upToNextMajorVersion;
				minimumVersion = 1.0.0;
			};
		};
/* End XCRemoteSwiftPackageReference section */

/* Begin XCSwiftPackageProductDependency section */
		BA024CD92940814100A38B27 /* Algorithms */ = {
			isa = XCSwiftPackageProductDependency;
			package = BA024CD82940814100A38B27 /* XCRemoteSwiftPackageReference "swift-algorithms" */;
			productName = Algorithms;
		};
		BA572741294EDC6A00BE4556 /* Numerics */ = {
			isa = XCSwiftPackageProductDependency;
			package = BA572740294EDC6A00BE4556 /* XCRemoteSwiftPackageReference "swift-numerics" */;
			productName = Numerics;
		};
		BA572743294EDC6A00BE4556 /* RealModule */ = {
			isa = XCSwiftPackageProductDependency;
			package = BA572740294EDC6A00BE4556 /* XCRemoteSwiftPackageReference "swift-numerics" */;
			productName = RealModule;
		};
		BAA31C892943317E00ADEF22 /* Algorithms */ = {
			isa = XCSwiftPackageProductDependency;
			package = BA024CD82940814100A38B27 /* XCRemoteSwiftPackageReference "swift-algorithms" */;
			productName = Algorithms;
		};
/* End XCSwiftPackageProductDependency section */
	};
	rootObject = D02047E3291BECE800AEB158 /* Project object */;
}
